
Microsoft Visual Studio Solution File, Format Version 12.00
# Visual Studio 2012
Project("{FAE04EC0-301F-11D3-BF4B-00C04F79EFBC}") = "Seating Planner", "Seating Planner\Seating Planner.csproj", "{C542E5BB-57D2-4313-8903-B128E79B71BA}"
EndProject
Project("{FAE04EC0-301F-11D3-BF4B-00C04F79EFBC}") = "Seating Planner Web", "Seating Planner Web\Seating Planner Web.csproj", "{00666F2D-590E-4026-8B32-7C072A8FFB38}"
EndProject
Project("{FAE04EC0-301F-11D3-BF4B-00C04F79EFBC}") = "Seating Planner Data", "Seating Planner Data\Seating Planner Data.csproj", "{B7CCCA33-67FA-42A1-ADBC-3B3F35881AD4}"
EndProject
Global
	GlobalSection(SolutionConfigurationPlatforms) = preSolution
		Debug|Any CPU = Debug|Any CPU
		Release|Any CPU = Release|Any CPU
	EndGlobalSection
	GlobalSection(ProjectConfigurationPlatforms) = postSolution
		{C542E5BB-57D2-4313-8903-B128E79B71BA}.Debug|Any CPU.ActiveCfg = Debug|Any CPU
		{C542E5BB-57D2-4313-8903-B128E79B71BA}.Release|Any CPU.ActiveCfg = Release|Any CPU
		{C542E5BB-57D2-4313-8903-B128E79B71BA}.Release|Any CPU.Build.0 = Release|Any CPU
		{00666F2D-590E-4026-8B32-7C072A8FFB38}.Debug|Any CPU.ActiveCfg = Debug|Any CPU
		{00666F2D-590E-4026-8B32-7C072A8FFB38}.Debug|Any CPU.Build.0 = Debug|Any CPU
		{00666F2D-590E-4026-8B32-7C072A8FFB38}.Release|Any CPU.ActiveCfg = Release|Any CPU
		{00666F2D-590E-4026-8B32-7C072A8FFB38}.Release|Any CPU.Build.0 = Release|Any CPU
		{B7CCCA33-67FA-42A1-ADBC-3B3F35881AD4}.Debug|Any CPU.ActiveCfg = Debug|Any CPU
		{B7CCCA33-67FA-42A1-ADBC-3B3F35881AD4}.Debug|Any CPU.Build.0 = Debug|Any CPU
		{B7CCCA33-67FA-42A1-ADBC-3B3F35881AD4}.Release|Any CPU.ActiveCfg = Release|Any CPU
		{B7CCCA33-67FA-42A1-ADBC-3B3F35881AD4}.Release|Any CPU.Build.0 = Release|Any CPU
	EndGlobalSection
	GlobalSection(SolutionProperties) = preSolution
		HideSolutionNode = FALSE
	EndGlobalSection
EndGlobal
